
Microsoft Visual Studio Solution File, Format Version 12.00
# Visual Studio Version 17
VisualStudioVersion = 17.11.35327.3
MinimumVisualStudioVersion = 10.0.40219.1
Project("{9A19103F-16F7-4668-BE54-9A1E7A4F7556}") = "WebAPI", "WebAPI\WebAPI.csproj", "{2B2E3E58-26E1-4478-8670-7EC425759A0F}"
EndProject
Project("{9A19103F-16F7-4668-BE54-9A1E7A4F7556}") = "Domain", "Domain\Domain.csproj", "{08D5A52A-C770-4B99-8906-12CF4650016D}"
EndProject
Project("{9A19103F-16F7-4668-BE54-9A1E7A4F7556}") = "Application", "Application\Application.csproj", "{87C11584-9ACF-40B9-B788-F1B68FC85075}"
EndProject
Project("{9A19103F-16F7-4668-BE54-9A1E7A4F7556}") = "Infrastructure", "Infrastructure\Infrastructure.csproj", "{F58F785B-8E6F-4516-A528-9C1165AAD9AF}"
EndProject
Project("{2150E333-8FDC-42A3-9474-1A3956D46DE8}") = "Documentation", "Documentation", "{2720FCA7-7ABB-4CE7-AA70-1A4E6736C894}"
EndProject
Global
	GlobalSection(SolutionConfigurationPlatforms) = preSolution
		Debug|Any CPU = Debug|Any CPU
		Release|Any CPU = Release|Any CPU
	EndGlobalSection
	GlobalSection(ProjectConfigurationPlatforms) = postSolution
		{2B2E3E58-26E1-4478-8670-7EC425759A0F}.Debug|Any CPU.ActiveCfg = Debug|Any CPU
		{2B2E3E58-26E1-4478-8670-7EC425759A0F}.Debug|Any CPU.Build.0 = Debug|Any CPU
		{2B2E3E58-26E1-4478-8670-7EC425759A0F}.Release|Any CPU.ActiveCfg = Release|Any CPU
		{2B2E3E58-26E1-4478-8670-7EC425759A0F}.Release|Any CPU.Build.0 = Release|Any CPU
		{08D5A52A-C770-4B99-8906-12CF4650016D}.Debug|Any CPU.ActiveCfg = Debug|Any CPU
		{08D5A52A-C770-4B99-8906-12CF4650016D}.Debug|Any CPU.Build.0 = Debug|Any CPU
		{08D5A52A-C770-4B99-8906-12CF4650016D}.Release|Any CPU.ActiveCfg = Release|Any CPU
		{08D5A52A-C770-4B99-8906-12CF4650016D}.Release|Any CPU.Build.0 = Release|Any CPU
		{87C11584-9ACF-40B9-B788-F1B68FC85075}.Debug|Any CPU.ActiveCfg = Debug|Any CPU
		{87C11584-9ACF-40B9-B788-F1B68FC85075}.Debug|Any CPU.Build.0 = Debug|Any CPU
		{87C11584-9ACF-40B9-B788-F1B68FC85075}.Release|Any CPU.ActiveCfg = Release|Any CPU
		{87C11584-9ACF-40B9-B788-F1B68FC85075}.Release|Any CPU.Build.0 = Release|Any CPU
		{F58F785B-8E6F-4516-A528-9C1165AAD9AF}.Debug|Any CPU.ActiveCfg = Debug|Any CPU
		{F58F785B-8E6F-4516-A528-9C1165AAD9AF}.Debug|Any CPU.Build.0 = Debug|Any CPU
		{F58F785B-8E6F-4516-A528-9C1165AAD9AF}.Release|Any CPU.ActiveCfg = Release|Any CPU
		{F58F785B-8E6F-4516-A528-9C1165AAD9AF}.Release|Any CPU.Build.0 = Release|Any CPU
	EndGlobalSection
	GlobalSection(SolutionProperties) = preSolution
		HideSolutionNode = FALSE
	EndGlobalSection
	GlobalSection(ExtensibilityGlobals) = postSolution
		SolutionGuid = {84B1F9FB-077B-494D-B8E9-794AC258E774}
	EndGlobalSection
EndGlobal
